// !$*UTF8*$!
{
	archiveVersion = 1;
	classes = {
	};
	objectVersion = 56;
	objects = {

/* Begin PBXBuildFile section */
		1482DF754EF959B0D98BE430 /* Pods_ios_bitcoin_hold.framework in Frameworks */ = {isa = PBXBuildFile; fileRef = 929E550B7EFB6D119EBCCB7B /* Pods_ios_bitcoin_hold.framework */; };
		251C98D92A63346800DB69BD /* UserCredential.swift in Sources */ = {isa = PBXBuildFile; fileRef = 251C98D82A63346800DB69BD /* UserCredential.swift */; };
		251C98E02A63360B00DB69BD /* LoginService.swift in Sources */ = {isa = PBXBuildFile; fileRef = 251C98DF2A63360B00DB69BD /* LoginService.swift */; };
		251C98E22A63362E00DB69BD /* MockLoginServiceImpl.swift in Sources */ = {isa = PBXBuildFile; fileRef = 251C98E12A63362E00DB69BD /* MockLoginServiceImpl.swift */; };
		251C98E62A63467300DB69BD /* SignInViewModel.swift in Sources */ = {isa = PBXBuildFile; fileRef = 251C98E52A63467300DB69BD /* SignInViewModel.swift */; };
		253468182B10F22000308AAF /* User.swift in Sources */ = {isa = PBXBuildFile; fileRef = 253468172B10F22000308AAF /* User.swift */; };
		254A1C652B056A340068A11A /* SignUpView.swift in Sources */ = {isa = PBXBuildFile; fileRef = 254A1C642B056A340068A11A /* SignUpView.swift */; };
		254A1C672B056A690068A11A /* PortfolioView.swift in Sources */ = {isa = PBXBuildFile; fileRef = 254A1C662B056A690068A11A /* PortfolioView.swift */; };
		256764C12A3E6E7E00CE4AE5 /* ios_bitcoin_holdApp.swift in Sources */ = {isa = PBXBuildFile; fileRef = 256764C02A3E6E7E00CE4AE5 /* ios_bitcoin_holdApp.swift */; };
		256764C32A3E6E7E00CE4AE5 /* SignInView.swift in Sources */ = {isa = PBXBuildFile; fileRef = 256764C22A3E6E7E00CE4AE5 /* SignInView.swift */; };
		256764C52A3E6E7F00CE4AE5 /* Assets.xcassets in Resources */ = {isa = PBXBuildFile; fileRef = 256764C42A3E6E7F00CE4AE5 /* Assets.xcassets */; };
		256764C82A3E6E7F00CE4AE5 /* Preview Assets.xcassets in Resources */ = {isa = PBXBuildFile; fileRef = 256764C72A3E6E7F00CE4AE5 /* Preview Assets.xcassets */; };
		256764DC2A3E6E8000CE4AE5 /* ios_bitcoin_holdUITests.swift in Sources */ = {isa = PBXBuildFile; fileRef = 256764DB2A3E6E8000CE4AE5 /* ios_bitcoin_holdUITests.swift */; };
		256764DE2A3E6E8000CE4AE5 /* ios_bitcoin_holdUITestsLaunchTests.swift in Sources */ = {isa = PBXBuildFile; fileRef = 256764DD2A3E6E8000CE4AE5 /* ios_bitcoin_holdUITestsLaunchTests.swift */; };
		25724BF72A79D788008B790E /* SignInViewModelTest.swift in Sources */ = {isa = PBXBuildFile; fileRef = 25724BF62A79D788008B790E /* SignInViewModelTest.swift */; };
		258FF0AC2B0F8FB60032463D /* Secret.plist in Resources */ = {isa = PBXBuildFile; fileRef = 258FF0AB2B0F8FB60032463D /* Secret.plist */; };
		25CB715D2B0D21A000520EC4 /* SignUpViewModel.swift in Sources */ = {isa = PBXBuildFile; fileRef = 25CB715C2B0D21A000520EC4 /* SignUpViewModel.swift */; };
		C461615EDEBE23BF6DBED9AD /* Pods_ios_bitcoin_holdTests.framework in Frameworks */ = {isa = PBXBuildFile; fileRef = CEAA1344056DB83A9742DEEB /* Pods_ios_bitcoin_holdTests.framework */; };
		E48185D16F89DA4E8ADE646A /* Pods_ios_bitcoin_hold_ios_bitcoin_holdUITests.framework in Frameworks */ = {isa = PBXBuildFile; fileRef = 3DA3889438B85F56B88A383C /* Pods_ios_bitcoin_hold_ios_bitcoin_holdUITests.framework */; };
/* End PBXBuildFile section */

/* Begin PBXContainerItemProxy section */
		256764CE2A3E6E8000CE4AE5 /* PBXContainerItemProxy */ = {
			isa = PBXContainerItemProxy;
			containerPortal = 256764B52A3E6E7E00CE4AE5 /* Project object */;
			proxyType = 1;
			remoteGlobalIDString = 256764BC2A3E6E7E00CE4AE5;
			remoteInfo = ios_bitcoin_hold;
		};
		256764D82A3E6E8000CE4AE5 /* PBXContainerItemProxy */ = {
			isa = PBXContainerItemProxy;
			containerPortal = 256764B52A3E6E7E00CE4AE5 /* Project object */;
			proxyType = 1;
			remoteGlobalIDString = 256764BC2A3E6E7E00CE4AE5;
			remoteInfo = ios_bitcoin_hold;
		};
/* End PBXContainerItemProxy section */

/* Begin PBXFileReference section */
		1F8EB3919561576EE635D5A4 /* Pods-ios_bitcoin_holdTests.release.xcconfig */ = {isa = PBXFileReference; includeInIndex = 1; lastKnownFileType = text.xcconfig; name = "Pods-ios_bitcoin_holdTests.release.xcconfig"; path = "Target Support Files/Pods-ios_bitcoin_holdTests/Pods-ios_bitcoin_holdTests.release.xcconfig"; sourceTree = "<group>"; };
		251C98D82A63346800DB69BD /* UserCredential.swift */ = {isa = PBXFileReference; fileEncoding = 4; lastKnownFileType = sourcecode.swift; path = UserCredential.swift; sourceTree = "<group>"; };
		251C98DF2A63360B00DB69BD /* LoginService.swift */ = {isa = PBXFileReference; lastKnownFileType = sourcecode.swift; path = LoginService.swift; sourceTree = "<group>"; };
		251C98E12A63362E00DB69BD /* MockLoginServiceImpl.swift */ = {isa = PBXFileReference; lastKnownFileType = sourcecode.swift; path = MockLoginServiceImpl.swift; sourceTree = "<group>"; };
		251C98E52A63467300DB69BD /* SignInViewModel.swift */ = {isa = PBXFileReference; lastKnownFileType = sourcecode.swift; path = SignInViewModel.swift; sourceTree = "<group>"; };
		253468172B10F22000308AAF /* User.swift */ = {isa = PBXFileReference; lastKnownFileType = sourcecode.swift; path = User.swift; sourceTree = "<group>"; };
		254A1C642B056A340068A11A /* SignUpView.swift */ = {isa = PBXFileReference; lastKnownFileType = sourcecode.swift; path = SignUpView.swift; sourceTree = "<group>"; };
		254A1C662B056A690068A11A /* PortfolioView.swift */ = {isa = PBXFileReference; lastKnownFileType = sourcecode.swift; path = PortfolioView.swift; sourceTree = "<group>"; };
		256764BD2A3E6E7E00CE4AE5 /* ios_bitcoin_hold.app */ = {isa = PBXFileReference; explicitFileType = wrapper.application; includeInIndex = 0; path = ios_bitcoin_hold.app; sourceTree = BUILT_PRODUCTS_DIR; };
		256764C02A3E6E7E00CE4AE5 /* ios_bitcoin_holdApp.swift */ = {isa = PBXFileReference; lastKnownFileType = sourcecode.swift; path = ios_bitcoin_holdApp.swift; sourceTree = "<group>"; };
		256764C22A3E6E7E00CE4AE5 /* SignInView.swift */ = {isa = PBXFileReference; lastKnownFileType = sourcecode.swift; path = SignInView.swift; sourceTree = "<group>"; };
		256764C42A3E6E7F00CE4AE5 /* Assets.xcassets */ = {isa = PBXFileReference; lastKnownFileType = folder.assetcatalog; path = Assets.xcassets; sourceTree = "<group>"; };
		256764C72A3E6E7F00CE4AE5 /* Preview Assets.xcassets */ = {isa = PBXFileReference; lastKnownFileType = folder.assetcatalog; path = "Preview Assets.xcassets"; sourceTree = "<group>"; };
		256764CD2A3E6E8000CE4AE5 /* ios_bitcoin_holdTests.xctest */ = {isa = PBXFileReference; explicitFileType = wrapper.cfbundle; includeInIndex = 0; path = ios_bitcoin_holdTests.xctest; sourceTree = BUILT_PRODUCTS_DIR; };
		256764D72A3E6E8000CE4AE5 /* ios_bitcoin_holdUITests.xctest */ = {isa = PBXFileReference; explicitFileType = wrapper.cfbundle; includeInIndex = 0; path = ios_bitcoin_holdUITests.xctest; sourceTree = BUILT_PRODUCTS_DIR; };
		256764DB2A3E6E8000CE4AE5 /* ios_bitcoin_holdUITests.swift */ = {isa = PBXFileReference; lastKnownFileType = sourcecode.swift; path = ios_bitcoin_holdUITests.swift; sourceTree = "<group>"; };
		256764DD2A3E6E8000CE4AE5 /* ios_bitcoin_holdUITestsLaunchTests.swift */ = {isa = PBXFileReference; lastKnownFileType = sourcecode.swift; path = ios_bitcoin_holdUITestsLaunchTests.swift; sourceTree = "<group>"; };
		25724BF62A79D788008B790E /* SignInViewModelTest.swift */ = {isa = PBXFileReference; lastKnownFileType = sourcecode.swift; path = SignInViewModelTest.swift; sourceTree = "<group>"; };
		258FF0AB2B0F8FB60032463D /* Secret.plist */ = {isa = PBXFileReference; lastKnownFileType = text.plist.xml; path = Secret.plist; sourceTree = "<group>"; };
		258FF0AD2B0F949B0032463D /* Secret.exemple.plist */ = {isa = PBXFileReference; lastKnownFileType = text.plist.xml; path = Secret.exemple.plist; sourceTree = "<group>"; };
		25CB715C2B0D21A000520EC4 /* SignUpViewModel.swift */ = {isa = PBXFileReference; lastKnownFileType = sourcecode.swift; path = SignUpViewModel.swift; sourceTree = "<group>"; };
		3DA3889438B85F56B88A383C /* Pods_ios_bitcoin_hold_ios_bitcoin_holdUITests.framework */ = {isa = PBXFileReference; explicitFileType = wrapper.framework; includeInIndex = 0; path = Pods_ios_bitcoin_hold_ios_bitcoin_holdUITests.framework; sourceTree = BUILT_PRODUCTS_DIR; };
		625A9A263007F26F0BBA1AC8 /* Pods-ios_bitcoin_hold-ios_bitcoin_holdUITests.release.xcconfig */ = {isa = PBXFileReference; includeInIndex = 1; lastKnownFileType = text.xcconfig; name = "Pods-ios_bitcoin_hold-ios_bitcoin_holdUITests.release.xcconfig"; path = "Target Support Files/Pods-ios_bitcoin_hold-ios_bitcoin_holdUITests/Pods-ios_bitcoin_hold-ios_bitcoin_holdUITests.release.xcconfig"; sourceTree = "<group>"; };
		77E8E28C3AFE0F8272595315 /* Pods-ios_bitcoin_holdTests.debug.xcconfig */ = {isa = PBXFileReference; includeInIndex = 1; lastKnownFileType = text.xcconfig; name = "Pods-ios_bitcoin_holdTests.debug.xcconfig"; path = "Target Support Files/Pods-ios_bitcoin_holdTests/Pods-ios_bitcoin_holdTests.debug.xcconfig"; sourceTree = "<group>"; };
		929E550B7EFB6D119EBCCB7B /* Pods_ios_bitcoin_hold.framework */ = {isa = PBXFileReference; explicitFileType = wrapper.framework; includeInIndex = 0; path = Pods_ios_bitcoin_hold.framework; sourceTree = BUILT_PRODUCTS_DIR; };
		BA081F72AA8FFEDD8EA6CC0F /* Pods-ios_bitcoin_hold.release.xcconfig */ = {isa = PBXFileReference; includeInIndex = 1; lastKnownFileType = text.xcconfig; name = "Pods-ios_bitcoin_hold.release.xcconfig"; path = "Target Support Files/Pods-ios_bitcoin_hold/Pods-ios_bitcoin_hold.release.xcconfig"; sourceTree = "<group>"; };
		BD0358FB55F69CCB0ABD99E7 /* Pods-ios_bitcoin_hold-ios_bitcoin_holdUITests.debug.xcconfig */ = {isa = PBXFileReference; includeInIndex = 1; lastKnownFileType = text.xcconfig; name = "Pods-ios_bitcoin_hold-ios_bitcoin_holdUITests.debug.xcconfig"; path = "Target Support Files/Pods-ios_bitcoin_hold-ios_bitcoin_holdUITests/Pods-ios_bitcoin_hold-ios_bitcoin_holdUITests.debug.xcconfig"; sourceTree = "<group>"; };
		CEAA1344056DB83A9742DEEB /* Pods_ios_bitcoin_holdTests.framework */ = {isa = PBXFileReference; explicitFileType = wrapper.framework; includeInIndex = 0; path = Pods_ios_bitcoin_holdTests.framework; sourceTree = BUILT_PRODUCTS_DIR; };
		CEBC2A8994EC753C0B0F9F1C /* Pods-ios_bitcoin_hold.debug.xcconfig */ = {isa = PBXFileReference; includeInIndex = 1; lastKnownFileType = text.xcconfig; name = "Pods-ios_bitcoin_hold.debug.xcconfig"; path = "Target Support Files/Pods-ios_bitcoin_hold/Pods-ios_bitcoin_hold.debug.xcconfig"; sourceTree = "<group>"; };
/* End PBXFileReference section */

/* Begin PBXFrameworksBuildPhase section */
		256764BA2A3E6E7E00CE4AE5 /* Frameworks */ = {
			isa = PBXFrameworksBuildPhase;
			buildActionMask = 2147483647;
			files = (
				1482DF754EF959B0D98BE430 /* Pods_ios_bitcoin_hold.framework in Frameworks */,
			);
			runOnlyForDeploymentPostprocessing = 0;
		};
		256764CA2A3E6E8000CE4AE5 /* Frameworks */ = {
			isa = PBXFrameworksBuildPhase;
			buildActionMask = 2147483647;
			files = (
				C461615EDEBE23BF6DBED9AD /* Pods_ios_bitcoin_holdTests.framework in Frameworks */,
			);
			runOnlyForDeploymentPostprocessing = 0;
		};
		256764D42A3E6E8000CE4AE5 /* Frameworks */ = {
			isa = PBXFrameworksBuildPhase;
			buildActionMask = 2147483647;
			files = (
				E48185D16F89DA4E8ADE646A /* Pods_ios_bitcoin_hold_ios_bitcoin_holdUITests.framework in Frameworks */,
			);
			runOnlyForDeploymentPostprocessing = 0;
		};
/* End PBXFrameworksBuildPhase section */

/* Begin PBXGroup section */
		251C98D72A63346800DB69BD /* model */ = {
			isa = PBXGroup;
			children = (
				251C98D82A63346800DB69BD /* UserCredential.swift */,
				253468172B10F22000308AAF /* User.swift */,
			);
			name = model;
			path = ios_bitcoin_hold/model;
			sourceTree = SOURCE_ROOT;
		};
		251C98DD2A6335D400DB69BD /* service */ = {
			isa = PBXGroup;
			children = (
				251C98DF2A63360B00DB69BD /* LoginService.swift */,
				251C98DE2A6335ED00DB69BD /* impl */,
			);
			path = service;
			sourceTree = "<group>";
		};
		251C98DE2A6335ED00DB69BD /* impl */ = {
			isa = PBXGroup;
			children = (
				251C98E12A63362E00DB69BD /* MockLoginServiceImpl.swift */,
			);
			path = impl;
			sourceTree = "<group>";
		};
		251C98E42A63462200DB69BD /* view_model */ = {
			isa = PBXGroup;
			children = (
				251C98E52A63467300DB69BD /* SignInViewModel.swift */,
				25CB715C2B0D21A000520EC4 /* SignUpViewModel.swift */,
			);
			path = view_model;
			sourceTree = "<group>";
		};
		254A1C632B0569E20068A11A /* view */ = {
			isa = PBXGroup;
			children = (
				256764C22A3E6E7E00CE4AE5 /* SignInView.swift */,
				254A1C642B056A340068A11A /* SignUpView.swift */,
				254A1C662B056A690068A11A /* PortfolioView.swift */,
			);
			path = view;
			sourceTree = "<group>";
		};
		256764B42A3E6E7D00CE4AE5 = {
			isa = PBXGroup;
			children = (
				256764BF2A3E6E7E00CE4AE5 /* ios_bitcoin_hold */,
				256764D02A3E6E8000CE4AE5 /* ios_bitcoin_holdTests */,
				256764DA2A3E6E8000CE4AE5 /* ios_bitcoin_holdUITests */,
				256764BE2A3E6E7E00CE4AE5 /* Products */,
				D504C72A432A9161089684AE /* Pods */,
				B65D9E0DA00375682194689F /* Frameworks */,
			);
			sourceTree = "<group>";
		};
		256764BE2A3E6E7E00CE4AE5 /* Products */ = {
			isa = PBXGroup;
			children = (
				256764BD2A3E6E7E00CE4AE5 /* ios_bitcoin_hold.app */,
				256764CD2A3E6E8000CE4AE5 /* ios_bitcoin_holdTests.xctest */,
				256764D72A3E6E8000CE4AE5 /* ios_bitcoin_holdUITests.xctest */,
			);
			name = Products;
			sourceTree = "<group>";
		};
		256764BF2A3E6E7E00CE4AE5 /* ios_bitcoin_hold */ = {
			isa = PBXGroup;
			children = (
				254A1C632B0569E20068A11A /* view */,
				251C98E42A63462200DB69BD /* view_model */,
				251C98DD2A6335D400DB69BD /* service */,
				251C98D72A63346800DB69BD /* model */,
				256764C02A3E6E7E00CE4AE5 /* ios_bitcoin_holdApp.swift */,
				256764C42A3E6E7F00CE4AE5 /* Assets.xcassets */,
				256764C62A3E6E7F00CE4AE5 /* Preview Content */,
				258FF0AB2B0F8FB60032463D /* Secret.plist */,
				258FF0AD2B0F949B0032463D /* Secret.exemple.plist */,
			);
			path = ios_bitcoin_hold;
			sourceTree = "<group>";
		};
		256764C62A3E6E7F00CE4AE5 /* Preview Content */ = {
			isa = PBXGroup;
			children = (
				256764C72A3E6E7F00CE4AE5 /* Preview Assets.xcassets */,
			);
			path = "Preview Content";
			sourceTree = "<group>";
		};
		256764D02A3E6E8000CE4AE5 /* ios_bitcoin_holdTests */ = {
			isa = PBXGroup;
			children = (
				25724BF62A79D788008B790E /* SignInViewModelTest.swift */,
			);
			path = ios_bitcoin_holdTests;
			sourceTree = "<group>";
		};
		256764DA2A3E6E8000CE4AE5 /* ios_bitcoin_holdUITests */ = {
			isa = PBXGroup;
			children = (
				256764DB2A3E6E8000CE4AE5 /* ios_bitcoin_holdUITests.swift */,
				256764DD2A3E6E8000CE4AE5 /* ios_bitcoin_holdUITestsLaunchTests.swift */,
			);
			path = ios_bitcoin_holdUITests;
			sourceTree = "<group>";
		};
		B65D9E0DA00375682194689F /* Frameworks */ = {
			isa = PBXGroup;
			children = (
				929E550B7EFB6D119EBCCB7B /* Pods_ios_bitcoin_hold.framework */,
				3DA3889438B85F56B88A383C /* Pods_ios_bitcoin_hold_ios_bitcoin_holdUITests.framework */,
				CEAA1344056DB83A9742DEEB /* Pods_ios_bitcoin_holdTests.framework */,
			);
			name = Frameworks;
			sourceTree = "<group>";
		};
		D504C72A432A9161089684AE /* Pods */ = {
			isa = PBXGroup;
			children = (
				CEBC2A8994EC753C0B0F9F1C /* Pods-ios_bitcoin_hold.debug.xcconfig */,
				BA081F72AA8FFEDD8EA6CC0F /* Pods-ios_bitcoin_hold.release.xcconfig */,
				BD0358FB55F69CCB0ABD99E7 /* Pods-ios_bitcoin_hold-ios_bitcoin_holdUITests.debug.xcconfig */,
				625A9A263007F26F0BBA1AC8 /* Pods-ios_bitcoin_hold-ios_bitcoin_holdUITests.release.xcconfig */,
				77E8E28C3AFE0F8272595315 /* Pods-ios_bitcoin_holdTests.debug.xcconfig */,
				1F8EB3919561576EE635D5A4 /* Pods-ios_bitcoin_holdTests.release.xcconfig */,
			);
			path = Pods;
			sourceTree = "<group>";
		};
/* End PBXGroup section */

/* Begin PBXNativeTarget section */
		256764BC2A3E6E7E00CE4AE5 /* ios_bitcoin_hold */ = {
			isa = PBXNativeTarget;
			buildConfigurationList = 256764E12A3E6E8000CE4AE5 /* Build configuration list for PBXNativeTarget "ios_bitcoin_hold" */;
			buildPhases = (
				02D7C80B449C42B8A8B6BA9A /* [CP] Check Pods Manifest.lock */,
				256764B92A3E6E7E00CE4AE5 /* Sources */,
				256764BA2A3E6E7E00CE4AE5 /* Frameworks */,
				256764BB2A3E6E7E00CE4AE5 /* Resources */,
				376C2661B704A8EDD4827289 /* [CP] Embed Pods Frameworks */,
			);
			buildRules = (
			);
			dependencies = (
			);
			name = ios_bitcoin_hold;
			productName = ios_bitcoin_hold;
			productReference = 256764BD2A3E6E7E00CE4AE5 /* ios_bitcoin_hold.app */;
			productType = "com.apple.product-type.application";
		};
		256764CC2A3E6E8000CE4AE5 /* ios_bitcoin_holdTests */ = {
			isa = PBXNativeTarget;
			buildConfigurationList = 256764E42A3E6E8000CE4AE5 /* Build configuration list for PBXNativeTarget "ios_bitcoin_holdTests" */;
			buildPhases = (
				AC19F709706568D5E1E8A2BB /* [CP] Check Pods Manifest.lock */,
				256764C92A3E6E8000CE4AE5 /* Sources */,
				256764CA2A3E6E8000CE4AE5 /* Frameworks */,
				256764CB2A3E6E8000CE4AE5 /* Resources */,
			);
			buildRules = (
			);
			dependencies = (
				256764CF2A3E6E8000CE4AE5 /* PBXTargetDependency */,
			);
			name = ios_bitcoin_holdTests;
			productName = ios_bitcoin_holdTests;
			productReference = 256764CD2A3E6E8000CE4AE5 /* ios_bitcoin_holdTests.xctest */;
			productType = "com.apple.product-type.bundle.unit-test";
		};
		256764D62A3E6E8000CE4AE5 /* ios_bitcoin_holdUITests */ = {
			isa = PBXNativeTarget;
			buildConfigurationList = 256764E72A3E6E8000CE4AE5 /* Build configuration list for PBXNativeTarget "ios_bitcoin_holdUITests" */;
			buildPhases = (
				EA911DB7A6D1FBE77BF3BD4B /* [CP] Check Pods Manifest.lock */,
				256764D32A3E6E8000CE4AE5 /* Sources */,
				256764D42A3E6E8000CE4AE5 /* Frameworks */,
				256764D52A3E6E8000CE4AE5 /* Resources */,
				B2E62B8923A361CC4ADC9E62 /* [CP] Embed Pods Frameworks */,
			);
			buildRules = (
			);
			dependencies = (
				256764D92A3E6E8000CE4AE5 /* PBXTargetDependency */,
			);
			name = ios_bitcoin_holdUITests;
			productName = ios_bitcoin_holdUITests;
			productReference = 256764D72A3E6E8000CE4AE5 /* ios_bitcoin_holdUITests.xctest */;
			productType = "com.apple.product-type.bundle.ui-testing";
		};
/* End PBXNativeTarget section */

/* Begin PBXProject section */
		256764B52A3E6E7E00CE4AE5 /* Project object */ = {
			isa = PBXProject;
			attributes = {
				BuildIndependentTargetsInParallel = 1;
				LastSwiftUpdateCheck = 1430;
				LastUpgradeCheck = 1430;
				TargetAttributes = {
					256764BC2A3E6E7E00CE4AE5 = {
						CreatedOnToolsVersion = 14.3.1;
					};
					256764CC2A3E6E8000CE4AE5 = {
						CreatedOnToolsVersion = 14.3.1;
						TestTargetID = 256764BC2A3E6E7E00CE4AE5;
					};
					256764D62A3E6E8000CE4AE5 = {
						CreatedOnToolsVersion = 14.3.1;
						TestTargetID = 256764BC2A3E6E7E00CE4AE5;
					};
				};
			};
			buildConfigurationList = 256764B82A3E6E7E00CE4AE5 /* Build configuration list for PBXProject "ios_bitcoin_hold" */;
			compatibilityVersion = "Xcode 14.0";
			developmentRegion = en;
			hasScannedForEncodings = 0;
			knownRegions = (
				en,
				Base,
			);
			mainGroup = 256764B42A3E6E7D00CE4AE5;
			productRefGroup = 256764BE2A3E6E7E00CE4AE5 /* Products */;
			projectDirPath = "";
			projectRoot = "";
			targets = (
				256764BC2A3E6E7E00CE4AE5 /* ios_bitcoin_hold */,
				256764CC2A3E6E8000CE4AE5 /* ios_bitcoin_holdTests */,
				256764D62A3E6E8000CE4AE5 /* ios_bitcoin_holdUITests */,
			);
		};
/* End PBXProject section */

/* Begin PBXResourcesBuildPhase section */
		256764BB2A3E6E7E00CE4AE5 /* Resources */ = {
			isa = PBXResourcesBuildPhase;
			buildActionMask = 2147483647;
			files = (
				256764C82A3E6E7F00CE4AE5 /* Preview Assets.xcassets in Resources */,
				258FF0AC2B0F8FB60032463D /* Secret.plist in Resources */,
				256764C52A3E6E7F00CE4AE5 /* Assets.xcassets in Resources */,
			);
			runOnlyForDeploymentPostprocessing = 0;
		};
		256764CB2A3E6E8000CE4AE5 /* Resources */ = {
			isa = PBXResourcesBuildPhase;
			buildActionMask = 2147483647;
			files = (
			);
			runOnlyForDeploymentPostprocessing = 0;
		};
		256764D52A3E6E8000CE4AE5 /* Resources */ = {
			isa = PBXResourcesBuildPhase;
			buildActionMask = 2147483647;
			files = (
			);
			runOnlyForDeploymentPostprocessing = 0;
		};
/* End PBXResourcesBuildPhase section */

/* Begin PBXShellScriptBuildPhase section */
		02D7C80B449C42B8A8B6BA9A /* [CP] Check Pods Manifest.lock */ = {
			isa = PBXShellScriptBuildPhase;
			buildActionMask = 2147483647;
			files = (
			);
			inputFileListPaths = (
			);
			inputPaths = (
				"${PODS_PODFILE_DIR_PATH}/Podfile.lock",
				"${PODS_ROOT}/Manifest.lock",
			);
			name = "[CP] Check Pods Manifest.lock";
			outputFileListPaths = (
			);
			outputPaths = (
				"$(DERIVED_FILE_DIR)/Pods-ios_bitcoin_hold-checkManifestLockResult.txt",
			);
			runOnlyForDeploymentPostprocessing = 0;
			shellPath = /bin/sh;
			shellScript = "diff \"${PODS_PODFILE_DIR_PATH}/Podfile.lock\" \"${PODS_ROOT}/Manifest.lock\" > /dev/null\nif [ $? != 0 ] ; then\n    # print error to STDERR\n    echo \"error: The sandbox is not in sync with the Podfile.lock. Run 'pod install' or update your CocoaPods installation.\" >&2\n    exit 1\nfi\n# This output is used by Xcode 'outputs' to avoid re-running this script phase.\necho \"SUCCESS\" > \"${SCRIPT_OUTPUT_FILE_0}\"\n";
			showEnvVarsInLog = 0;
		};
		376C2661B704A8EDD4827289 /* [CP] Embed Pods Frameworks */ = {
			isa = PBXShellScriptBuildPhase;
			buildActionMask = 2147483647;
			files = (
			);
			inputFileListPaths = (
				"${PODS_ROOT}/Target Support Files/Pods-ios_bitcoin_hold/Pods-ios_bitcoin_hold-frameworks-${CONFIGURATION}-input-files.xcfilelist",
			);
			name = "[CP] Embed Pods Frameworks";
			outputFileListPaths = (
				"${PODS_ROOT}/Target Support Files/Pods-ios_bitcoin_hold/Pods-ios_bitcoin_hold-frameworks-${CONFIGURATION}-output-files.xcfilelist",
			);
			runOnlyForDeploymentPostprocessing = 0;
			shellPath = /bin/sh;
			shellScript = "\"${PODS_ROOT}/Target Support Files/Pods-ios_bitcoin_hold/Pods-ios_bitcoin_hold-frameworks.sh\"\n";
			showEnvVarsInLog = 0;
		};
		AC19F709706568D5E1E8A2BB /* [CP] Check Pods Manifest.lock */ = {
			isa = PBXShellScriptBuildPhase;
			buildActionMask = 2147483647;
			files = (
			);
			inputFileListPaths = (
			);
			inputPaths = (
				"${PODS_PODFILE_DIR_PATH}/Podfile.lock",
				"${PODS_ROOT}/Manifest.lock",
			);
			name = "[CP] Check Pods Manifest.lock";
			outputFileListPaths = (
			);
			outputPaths = (
				"$(DERIVED_FILE_DIR)/Pods-ios_bitcoin_holdTests-checkManifestLockResult.txt",
			);
			runOnlyForDeploymentPostprocessing = 0;
			shellPath = /bin/sh;
			shellScript = "diff \"${PODS_PODFILE_DIR_PATH}/Podfile.lock\" \"${PODS_ROOT}/Manifest.lock\" > /dev/null\nif [ $? != 0 ] ; then\n    # print error to STDERR\n    echo \"error: The sandbox is not in sync with the Podfile.lock. Run 'pod install' or update your CocoaPods installation.\" >&2\n    exit 1\nfi\n# This output is used by Xcode 'outputs' to avoid re-running this script phase.\necho \"SUCCESS\" > \"${SCRIPT_OUTPUT_FILE_0}\"\n";
			showEnvVarsInLog = 0;
		};
		B2E62B8923A361CC4ADC9E62 /* [CP] Embed Pods Frameworks */ = {
			isa = PBXShellScriptBuildPhase;
			buildActionMask = 2147483647;
			files = (
			);
			inputFileListPaths = (
				"${PODS_ROOT}/Target Support Files/Pods-ios_bitcoin_hold-ios_bitcoin_holdUITests/Pods-ios_bitcoin_hold-ios_bitcoin_holdUITests-frameworks-${CONFIGURATION}-input-files.xcfilelist",
			);
			name = "[CP] Embed Pods Frameworks";
			outputFileListPaths = (
				"${PODS_ROOT}/Target Support Files/Pods-ios_bitcoin_hold-ios_bitcoin_holdUITests/Pods-ios_bitcoin_hold-ios_bitcoin_holdUITests-frameworks-${CONFIGURATION}-output-files.xcfilelist",
			);
			runOnlyForDeploymentPostprocessing = 0;
			shellPath = /bin/sh;
			shellScript = "\"${PODS_ROOT}/Target Support Files/Pods-ios_bitcoin_hold-ios_bitcoin_holdUITests/Pods-ios_bitcoin_hold-ios_bitcoin_holdUITests-frameworks.sh\"\n";
			showEnvVarsInLog = 0;
		};
		EA911DB7A6D1FBE77BF3BD4B /* [CP] Check Pods Manifest.lock */ = {
			isa = PBXShellScriptBuildPhase;
			buildActionMask = 2147483647;
			files = (
			);
			inputFileListPaths = (
			);
			inputPaths = (
				"${PODS_PODFILE_DIR_PATH}/Podfile.lock",
				"${PODS_ROOT}/Manifest.lock",
			);
			name = "[CP] Check Pods Manifest.lock";
			outputFileListPaths = (
			);
			outputPaths = (
				"$(DERIVED_FILE_DIR)/Pods-ios_bitcoin_hold-ios_bitcoin_holdUITests-checkManifestLockResult.txt",
			);
			runOnlyForDeploymentPostprocessing = 0;
			shellPath = /bin/sh;
			shellScript = "diff \"${PODS_PODFILE_DIR_PATH}/Podfile.lock\" \"${PODS_ROOT}/Manifest.lock\" > /dev/null\nif [ $? != 0 ] ; then\n    # print error to STDERR\n    echo \"error: The sandbox is not in sync with the Podfile.lock. Run 'pod install' or update your CocoaPods installation.\" >&2\n    exit 1\nfi\n# This output is used by Xcode 'outputs' to avoid re-running this script phase.\necho \"SUCCESS\" > \"${SCRIPT_OUTPUT_FILE_0}\"\n";
			showEnvVarsInLog = 0;
		};
/* End PBXShellScriptBuildPhase section */

/* Begin PBXSourcesBuildPhase section */
		256764B92A3E6E7E00CE4AE5 /* Sources */ = {
			isa = PBXSourcesBuildPhase;
			buildActionMask = 2147483647;
			files = (
				251C98E22A63362E00DB69BD /* MockLoginServiceImpl.swift in Sources */,
				251C98E02A63360B00DB69BD /* LoginService.swift in Sources */,
				251C98E62A63467300DB69BD /* SignInViewModel.swift in Sources */,
				254A1C652B056A340068A11A /* SignUpView.swift in Sources */,
				25CB715D2B0D21A000520EC4 /* SignUpViewModel.swift in Sources */,
				256764C32A3E6E7E00CE4AE5 /* SignInView.swift in Sources */,
				251C98D92A63346800DB69BD /* UserCredential.swift in Sources */,
				256764C12A3E6E7E00CE4AE5 /* ios_bitcoin_holdApp.swift in Sources */,
				253468182B10F22000308AAF /* User.swift in Sources */,
				254A1C672B056A690068A11A /* PortfolioView.swift in Sources */,
			);
			runOnlyForDeploymentPostprocessing = 0;
		};
		256764C92A3E6E8000CE4AE5 /* Sources */ = {
			isa = PBXSourcesBuildPhase;
			buildActionMask = 2147483647;
			files = (
				25724BF72A79D788008B790E /* SignInViewModelTest.swift in Sources */,
			);
			runOnlyForDeploymentPostprocessing = 0;
		};
		256764D32A3E6E8000CE4AE5 /* Sources */ = {
			isa = PBXSourcesBuildPhase;
			buildActionMask = 2147483647;
			files = (
				256764DE2A3E6E8000CE4AE5 /* ios_bitcoin_holdUITestsLaunchTests.swift in Sources */,
				256764DC2A3E6E8000CE4AE5 /* ios_bitcoin_holdUITests.swift in Sources */,
			);
			runOnlyForDeploymentPostprocessing = 0;
		};
/* End PBXSourcesBuildPhase section */

/* Begin PBXTargetDependency section */
		256764CF2A3E6E8000CE4AE5 /* PBXTargetDependency */ = {
			isa = PBXTargetDependency;
			target = 256764BC2A3E6E7E00CE4AE5 /* ios_bitcoin_hold */;
			targetProxy = 256764CE2A3E6E8000CE4AE5 /* PBXContainerItemProxy */;
		};
		256764D92A3E6E8000CE4AE5 /* PBXTargetDependency */ = {
			isa = PBXTargetDependency;
			target = 256764BC2A3E6E7E00CE4AE5 /* ios_bitcoin_hold */;
			targetProxy = 256764D82A3E6E8000CE4AE5 /* PBXContainerItemProxy */;
		};
/* End PBXTargetDependency section */

/* Begin XCBuildConfiguration section */
		256764DF2A3E6E8000CE4AE5 /* Debug */ = {
			isa = XCBuildConfiguration;
			buildSettings = {
				ALWAYS_SEARCH_USER_PATHS = NO;
				CLANG_ANALYZER_NONNULL = YES;
				CLANG_ANALYZER_NUMBER_OBJECT_CONVERSION = YES_AGGRESSIVE;
				CLANG_CXX_LANGUAGE_STANDARD = "gnu++20";
				CLANG_ENABLE_MODULES = YES;
				CLANG_ENABLE_OBJC_ARC = YES;
				CLANG_ENABLE_OBJC_WEAK = YES;
				CLANG_WARN_BLOCK_CAPTURE_AUTORELEASING = YES;
				CLANG_WARN_BOOL_CONVERSION = YES;
				CLANG_WARN_COMMA = YES;
				CLANG_WARN_CONSTANT_CONVERSION = YES;
				CLANG_WARN_DEPRECATED_OBJC_IMPLEMENTATIONS = YES;
				CLANG_WARN_DIRECT_OBJC_ISA_USAGE = YES_ERROR;
				CLANG_WARN_DOCUMENTATION_COMMENTS = YES;
				CLANG_WARN_EMPTY_BODY = YES;
				CLANG_WARN_ENUM_CONVERSION = YES;
				CLANG_WARN_INFINITE_RECURSION = YES;
				CLANG_WARN_INT_CONVERSION = YES;
				CLANG_WARN_NON_LITERAL_NULL_CONVERSION = YES;
				CLANG_WARN_OBJC_IMPLICIT_RETAIN_SELF = YES;
				CLANG_WARN_OBJC_LITERAL_CONVERSION = YES;
				CLANG_WARN_OBJC_ROOT_CLASS = YES_ERROR;
				CLANG_WARN_QUOTED_INCLUDE_IN_FRAMEWORK_HEADER = YES;
				CLANG_WARN_RANGE_LOOP_ANALYSIS = YES;
				CLANG_WARN_STRICT_PROTOTYPES = YES;
				CLANG_WARN_SUSPICIOUS_MOVE = YES;
				CLANG_WARN_UNGUARDED_AVAILABILITY = YES_AGGRESSIVE;
				CLANG_WARN_UNREACHABLE_CODE = YES;
				CLANG_WARN__DUPLICATE_METHOD_MATCH = YES;
				COPY_PHASE_STRIP = NO;
				DEBUG_INFORMATION_FORMAT = dwarf;
				ENABLE_STRICT_OBJC_MSGSEND = YES;
				ENABLE_TESTABILITY = YES;
				GCC_C_LANGUAGE_STANDARD = gnu11;
				GCC_DYNAMIC_NO_PIC = NO;
				GCC_NO_COMMON_BLOCKS = YES;
				GCC_OPTIMIZATION_LEVEL = 0;
				GCC_PREPROCESSOR_DEFINITIONS = (
					"DEBUG=1",
					"$(inherited)",
				);
				GCC_WARN_64_TO_32_BIT_CONVERSION = YES;
				GCC_WARN_ABOUT_RETURN_TYPE = YES_ERROR;
				GCC_WARN_UNDECLARED_SELECTOR = YES;
				GCC_WARN_UNINITIALIZED_AUTOS = YES_AGGRESSIVE;
				GCC_WARN_UNUSED_FUNCTION = YES;
				GCC_WARN_UNUSED_VARIABLE = YES;
				IPHONEOS_DEPLOYMENT_TARGET = 16.4;
				MTL_ENABLE_DEBUG_INFO = INCLUDE_SOURCE;
				MTL_FAST_MATH = YES;
				ONLY_ACTIVE_ARCH = YES;
				SDKROOT = iphoneos;
				SWIFT_ACTIVE_COMPILATION_CONDITIONS = DEBUG;
				SWIFT_OPTIMIZATION_LEVEL = "-Onone";
			};
			name = Debug;
		};
		256764E02A3E6E8000CE4AE5 /* Release */ = {
			isa = XCBuildConfiguration;
			buildSettings = {
				ALWAYS_SEARCH_USER_PATHS = NO;
				CLANG_ANALYZER_NONNULL = YES;
				CLANG_ANALYZER_NUMBER_OBJECT_CONVERSION = YES_AGGRESSIVE;
				CLANG_CXX_LANGUAGE_STANDARD = "gnu++20";
				CLANG_ENABLE_MODULES = YES;
				CLANG_ENABLE_OBJC_ARC = YES;
				CLANG_ENABLE_OBJC_WEAK = YES;
				CLANG_WARN_BLOCK_CAPTURE_AUTORELEASING = YES;
				CLANG_WARN_BOOL_CONVERSION = YES;
				CLANG_WARN_COMMA = YES;
				CLANG_WARN_CONSTANT_CONVERSION = YES;
				CLANG_WARN_DEPRECATED_OBJC_IMPLEMENTATIONS = YES;
				CLANG_WARN_DIRECT_OBJC_ISA_USAGE = YES_ERROR;
				CLANG_WARN_DOCUMENTATION_COMMENTS = YES;
				CLANG_WARN_EMPTY_BODY = YES;
				CLANG_WARN_ENUM_CONVERSION = YES;
				CLANG_WARN_INFINITE_RECURSION = YES;
				CLANG_WARN_INT_CONVERSION = YES;
				CLANG_WARN_NON_LITERAL_NULL_CONVERSION = YES;
				CLANG_WARN_OBJC_IMPLICIT_RETAIN_SELF = YES;
				CLANG_WARN_OBJC_LITERAL_CONVERSION = YES;
				CLANG_WARN_OBJC_ROOT_CLASS = YES_ERROR;
				CLANG_WARN_QUOTED_INCLUDE_IN_FRAMEWORK_HEADER = YES;
				CLANG_WARN_RANGE_LOOP_ANALYSIS = YES;
				CLANG_WARN_STRICT_PROTOTYPES = YES;
				CLANG_WARN_SUSPICIOUS_MOVE = YES;
				CLANG_WARN_UNGUARDED_AVAILABILITY = YES_AGGRESSIVE;
				CLANG_WARN_UNREACHABLE_CODE = YES;
				CLANG_WARN__DUPLICATE_METHOD_MATCH = YES;
				COPY_PHASE_STRIP = NO;
				DEBUG_INFORMATION_FORMAT = "dwarf-with-dsym";
				ENABLE_NS_ASSERTIONS = NO;
				ENABLE_STRICT_OBJC_MSGSEND = YES;
				GCC_C_LANGUAGE_STANDARD = gnu11;
				GCC_NO_COMMON_BLOCKS = YES;
				GCC_WARN_64_TO_32_BIT_CONVERSION = YES;
				GCC_WARN_ABOUT_RETURN_TYPE = YES_ERROR;
				GCC_WARN_UNDECLARED_SELECTOR = YES;
				GCC_WARN_UNINITIALIZED_AUTOS = YES_AGGRESSIVE;
				GCC_WARN_UNUSED_FUNCTION = YES;
				GCC_WARN_UNUSED_VARIABLE = YES;
				IPHONEOS_DEPLOYMENT_TARGET = 16.4;
				MTL_ENABLE_DEBUG_INFO = NO;
				MTL_FAST_MATH = YES;
				SDKROOT = iphoneos;
				SWIFT_COMPILATION_MODE = wholemodule;
				SWIFT_OPTIMIZATION_LEVEL = "-O";
				VALIDATE_PRODUCT = YES;
			};
			name = Release;
		};
		256764E22A3E6E8000CE4AE5 /* Debug */ = {
			isa = XCBuildConfiguration;
			baseConfigurationReference = CEBC2A8994EC753C0B0F9F1C /* Pods-ios_bitcoin_hold.debug.xcconfig */;
			buildSettings = {
				ASSETCATALOG_COMPILER_APPICON_NAME = AppIcon;
				ASSETCATALOG_COMPILER_GLOBAL_ACCENT_COLOR_NAME = AccentColor;
				CODE_SIGN_STYLE = Automatic;
				CURRENT_PROJECT_VERSION = 1;
				DEVELOPMENT_ASSET_PATHS = "\"ios_bitcoin_hold/Preview Content\"";
				ENABLE_PREVIEWS = YES;
				GENERATE_INFOPLIST_FILE = YES;
				INFOPLIST_KEY_UIApplicationSceneManifest_Generation = YES;
				INFOPLIST_KEY_UIApplicationSupportsIndirectInputEvents = YES;
				INFOPLIST_KEY_UILaunchScreen_Generation = YES;
				INFOPLIST_KEY_UISupportedInterfaceOrientations_iPad = "UIInterfaceOrientationPortrait UIInterfaceOrientationPortraitUpsideDown UIInterfaceOrientationLandscapeLeft UIInterfaceOrientationLandscapeRight";
				INFOPLIST_KEY_UISupportedInterfaceOrientations_iPhone = "UIInterfaceOrientationPortrait UIInterfaceOrientationLandscapeLeft UIInterfaceOrientationLandscapeRight";
				LD_RUNPATH_SEARCH_PATHS = (
					"$(inherited)",
					"@executable_path/Frameworks",
				);
				MARKETING_VERSION = 1.0;
				PRODUCT_BUNDLE_IDENTIFIER = "kayevo.ios-bitcoin-hold";
				PRODUCT_NAME = "$(TARGET_NAME)";
				SWIFT_EMIT_LOC_STRINGS = YES;
				SWIFT_VERSION = 5.0;
				TARGETED_DEVICE_FAMILY = "1,2";
			};
			name = Debug;
		};
		256764E32A3E6E8000CE4AE5 /* Release */ = {
			isa = XCBuildConfiguration;
			baseConfigurationReference = BA081F72AA8FFEDD8EA6CC0F /* Pods-ios_bitcoin_hold.release.xcconfig */;
			buildSettings = {
				ASSETCATALOG_COMPILER_APPICON_NAME = AppIcon;
				ASSETCATALOG_COMPILER_GLOBAL_ACCENT_COLOR_NAME = AccentColor;
				CODE_SIGN_STYLE = Automatic;
				CURRENT_PROJECT_VERSION = 1;
				DEVELOPMENT_ASSET_PATHS = "\"ios_bitcoin_hold/Preview Content\"";
				ENABLE_PREVIEWS = YES;
				GENERATE_INFOPLIST_FILE = YES;
				INFOPLIST_KEY_UIApplicationSceneManifest_Generation = YES;
				INFOPLIST_KEY_UIApplicationSupportsIndirectInputEvents = YES;
				INFOPLIST_KEY_UILaunchScreen_Generation = YES;
				INFOPLIST_KEY_UISupportedInterfaceOrientations_iPad = "UIInterfaceOrientationPortrait UIInterfaceOrientationPortraitUpsideDown UIInterfaceOrientationLandscapeLeft UIInterfaceOrientationLandscapeRight";
				INFOPLIST_KEY_UISupportedInterfaceOrientations_iPhone = "UIInterfaceOrientationPortrait UIInterfaceOrientationLandscapeLeft UIInterfaceOrientationLandscapeRight";
				LD_RUNPATH_SEARCH_PATHS = (
					"$(inherited)",
					"@executable_path/Frameworks",
				);
				MARKETING_VERSION = 1.0;
				PRODUCT_BUNDLE_IDENTIFIER = "kayevo.ios-bitcoin-hold";
				PRODUCT_NAME = "$(TARGET_NAME)";
				SWIFT_EMIT_LOC_STRINGS = YES;
				SWIFT_VERSION = 5.0;
				TARGETED_DEVICE_FAMILY = "1,2";
			};
			name = Release;
		};
		256764E52A3E6E8000CE4AE5 /* Debug */ = {
			isa = XCBuildConfiguration;
			baseConfigurationReference = 77E8E28C3AFE0F8272595315 /* Pods-ios_bitcoin_holdTests.debug.xcconfig */;
			buildSettings = {
				ALWAYS_EMBED_SWIFT_STANDARD_LIBRARIES = YES;
				BUNDLE_LOADER = "$(TEST_HOST)";
				CODE_SIGN_STYLE = Automatic;
				CURRENT_PROJECT_VERSION = 1;
				GENERATE_INFOPLIST_FILE = YES;
				IPHONEOS_DEPLOYMENT_TARGET = 16.4;
				MARKETING_VERSION = 1.0;
				PRODUCT_BUNDLE_IDENTIFIER = "kayevo.ios-bitcoin-holdTests";
				PRODUCT_NAME = "$(TARGET_NAME)";
				SWIFT_EMIT_LOC_STRINGS = NO;
				SWIFT_VERSION = 5.0;
				TARGETED_DEVICE_FAMILY = "1,2";
				TEST_HOST = "$(BUILT_PRODUCTS_DIR)/ios_bitcoin_hold.app/$(BUNDLE_EXECUTABLE_FOLDER_PATH)/ios_bitcoin_hold";
			};
			name = Debug;
		};
		256764E62A3E6E8000CE4AE5 /* Release */ = {
			isa = XCBuildConfiguration;
			baseConfigurationReference = 1F8EB3919561576EE635D5A4 /* Pods-ios_bitcoin_holdTests.release.xcconfig */;
			buildSettings = {
				ALWAYS_EMBED_SWIFT_STANDARD_LIBRARIES = YES;
				BUNDLE_LOADER = "$(TEST_HOST)";
				CODE_SIGN_STYLE = Automatic;
				CURRENT_PROJECT_VERSION = 1;
				GENERATE_INFOPLIST_FILE = YES;
				IPHONEOS_DEPLOYMENT_TARGET = 16.4;
				MARKETING_VERSION = 1.0;
				PRODUCT_BUNDLE_IDENTIFIER = "kayevo.ios-bitcoin-holdTests";
				PRODUCT_NAME = "$(TARGET_NAME)";
				SWIFT_EMIT_LOC_STRINGS = NO;
				SWIFT_VERSION = 5.0;
				TARGETED_DEVICE_FAMILY = "1,2";
				TEST_HOST = "$(BUILT_PRODUCTS_DIR)/ios_bitcoin_hold.app/$(BUNDLE_EXECUTABLE_FOLDER_PATH)/ios_bitcoin_hold";
			};
			name = Release;
		};
		256764E82A3E6E8000CE4AE5 /* Debug */ = {
			isa = XCBuildConfiguration;
			baseConfigurationReference = BD0358FB55F69CCB0ABD99E7 /* Pods-ios_bitcoin_hold-ios_bitcoin_holdUITests.debug.xcconfig */;
			buildSettings = {
				ALWAYS_EMBED_SWIFT_STANDARD_LIBRARIES = YES;
				CODE_SIGN_STYLE = Automatic;
				CURRENT_PROJECT_VERSION = 1;
				GENERATE_INFOPLIST_FILE = YES;
				MARKETING_VERSION = 1.0;
				PRODUCT_BUNDLE_IDENTIFIER = "kayevo.ios-bitcoin-holdUITests";
				PRODUCT_NAME = "$(TARGET_NAME)";
				SWIFT_EMIT_LOC_STRINGS = NO;
				SWIFT_VERSION = 5.0;
				TARGETED_DEVICE_FAMILY = "1,2";
				TEST_TARGET_NAME = ios_bitcoin_hold;
			};
			name = Debug;
		};
		256764E92A3E6E8000CE4AE5 /* Release */ = {
			isa = XCBuildConfiguration;
			baseConfigurationReference = 625A9A263007F26F0BBA1AC8 /* Pods-ios_bitcoin_hold-ios_bitcoin_holdUITests.release.xcconfig */;
			buildSettings = {
				ALWAYS_EMBED_SWIFT_STANDARD_LIBRARIES = YES;
				CODE_SIGN_STYLE = Automatic;
				CURRENT_PROJECT_VERSION = 1;
				GENERATE_INFOPLIST_FILE = YES;
				MARKETING_VERSION = 1.0;
				PRODUCT_BUNDLE_IDENTIFIER = "kayevo.ios-bitcoin-holdUITests";
				PRODUCT_NAME = "$(TARGET_NAME)";
				SWIFT_EMIT_LOC_STRINGS = NO;
				SWIFT_VERSION = 5.0;
				TARGETED_DEVICE_FAMILY = "1,2";
				TEST_TARGET_NAME = ios_bitcoin_hold;
			};
			name = Release;
		};
/* End XCBuildConfiguration section */

/* Begin XCConfigurationList section */
		256764B82A3E6E7E00CE4AE5 /* Build configuration list for PBXProject "ios_bitcoin_hold" */ = {
			isa = XCConfigurationList;
			buildConfigurations = (
				256764DF2A3E6E8000CE4AE5 /* Debug */,
				256764E02A3E6E8000CE4AE5 /* Release */,
			);
			defaultConfigurationIsVisible = 0;
			defaultConfigurationName = Release;
		};
		256764E12A3E6E8000CE4AE5 /* Build configuration list for PBXNativeTarget "ios_bitcoin_hold" */ = {
			isa = XCConfigurationList;
			buildConfigurations = (
				256764E22A3E6E8000CE4AE5 /* Debug */,
				256764E32A3E6E8000CE4AE5 /* Release */,
			);
			defaultConfigurationIsVisible = 0;
			defaultConfigurationName = Release;
		};
		256764E42A3E6E8000CE4AE5 /* Build configuration list for PBXNativeTarget "ios_bitcoin_holdTests" */ = {
			isa = XCConfigurationList;
			buildConfigurations = (
				256764E52A3E6E8000CE4AE5 /* Debug */,
				256764E62A3E6E8000CE4AE5 /* Release */,
			);
			defaultConfigurationIsVisible = 0;
			defaultConfigurationName = Release;
		};
		256764E72A3E6E8000CE4AE5 /* Build configuration list for PBXNativeTarget "ios_bitcoin_holdUITests" */ = {
			isa = XCConfigurationList;
			buildConfigurations = (
				256764E82A3E6E8000CE4AE5 /* Debug */,
				256764E92A3E6E8000CE4AE5 /* Release */,
			);
			defaultConfigurationIsVisible = 0;
			defaultConfigurationName = Release;
		};
/* End XCConfigurationList section */
	};
	rootObject = 256764B52A3E6E7E00CE4AE5 /* Project object */;
}
